
Microsoft Visual Studio Solution File, Format Version 12.00
# Visual Studio Version 16
VisualStudioVersion = 16.0.28729.10
MinimumVisualStudioVersion = 10.0.40219.1
Project("{FAE04EC0-301F-11D3-BF4B-00C04F79EFBC}") = "MemberCardManagementV1", "MemberCardManagementV1\MemberCardManagementV1.csproj", "{10495D97-B97F-45C3-924F-022546C58ABE}"
EndProject
Project("{FAE04EC0-301F-11D3-BF4B-00C04F79EFBC}") = "MemberCardManagementV1.Tests", "MemberCardManagementV1.Tests\MemberCardManagementV1.Tests.csproj", "{2E043C74-6523-4365-A334-7AD263BDB440}"
EndProject
Global
	GlobalSection(SolutionConfigurationPlatforms) = preSolution
		Debug|Any CPU = Debug|Any CPU
		Release|Any CPU = Release|Any CPU
	EndGlobalSection
	GlobalSection(ProjectConfigurationPlatforms) = postSolution
		{10495D97-B97F-45C3-924F-022546C58ABE}.Debug|Any CPU.ActiveCfg = Debug|Any CPU
		{10495D97-B97F-45C3-924F-022546C58ABE}.Debug|Any CPU.Build.0 = Debug|Any CPU
		{10495D97-B97F-45C3-924F-022546C58ABE}.Release|Any CPU.ActiveCfg = Release|Any CPU
		{10495D97-B97F-45C3-924F-022546C58ABE}.Release|Any CPU.Build.0 = Release|Any CPU
		{2E043C74-6523-4365-A334-7AD263BDB440}.Debug|Any CPU.ActiveCfg = Debug|Any CPU
		{2E043C74-6523-4365-A334-7AD263BDB440}.Debug|Any CPU.Build.0 = Debug|Any CPU
		{2E043C74-6523-4365-A334-7AD263BDB440}.Release|Any CPU.ActiveCfg = Release|Any CPU
		{2E043C74-6523-4365-A334-7AD263BDB440}.Release|Any CPU.Build.0 = Release|Any CPU
	EndGlobalSection
	GlobalSection(SolutionProperties) = preSolution
		HideSolutionNode = FALSE
	EndGlobalSection
	GlobalSection(ExtensibilityGlobals) = postSolution
		SolutionGuid = {2D60DD2C-F225-40EB-8022-7F3D31C07638}
	EndGlobalSection
EndGlobal
